// !$*UTF8*$!
{
	archiveVersion = 1;
	classes = {
	};
	objectVersion = 46;
	objects = {

/* Begin PBXBuildFile section */
		8A4A8E721C895E67000F5DA2 /* main.m in Sources */ = {isa = PBXBuildFile; fileRef = 8A4A8E711C895E67000F5DA2 /* main.m */; };
		8A4A8E751C895E67000F5DA2 /* AppDelegate.m in Sources */ = {isa = PBXBuildFile; fileRef = 8A4A8E741C895E67000F5DA2 /* AppDelegate.m */; };
		8A4A8E7D1C895E67000F5DA2 /* Assets.xcassets in Resources */ = {isa = PBXBuildFile; fileRef = 8A4A8E7C1C895E67000F5DA2 /* Assets.xcassets */; };
		8A4A8E8B1C895E67000F5DA2 /* CategoryMenuTests.m in Sources */ = {isa = PBXBuildFile; fileRef = 8A4A8E8A1C895E67000F5DA2 /* CategoryMenuTests.m */; };
		8A4A8E961C895E68000F5DA2 /* CategoryMenuUITests.m in Sources */ = {isa = PBXBuildFile; fileRef = 8A4A8E951C895E68000F5DA2 /* CategoryMenuUITests.m */; };
		8A4A8EA51C895E8F000F5DA2 /* CategoryMenuViewController.m in Sources */ = {isa = PBXBuildFile; fileRef = 8A4A8EA41C895E8F000F5DA2 /* CategoryMenuViewController.m */; };
		8A4A8EA71C895FD6000F5DA2 /* DataSource.plist in Resources */ = {isa = PBXBuildFile; fileRef = 8A4A8EA61C895FD6000F5DA2 /* DataSource.plist */; };
/* End PBXBuildFile section */

/* Begin PBXContainerItemProxy section */
		8A4A8E871C895E67000F5DA2 /* PBXContainerItemProxy */ = {
			isa = PBXContainerItemProxy;
			containerPortal = 8A4A8E651C895E67000F5DA2 /* Project object */;
			proxyType = 1;
			remoteGlobalIDString = 8A4A8E6C1C895E67000F5DA2;
			remoteInfo = CategoryMenu;
		};
		8A4A8E921C895E68000F5DA2 /* PBXContainerItemProxy */ = {
			isa = PBXContainerItemProxy;
			containerPortal = 8A4A8E651C895E67000F5DA2 /* Project object */;
			proxyType = 1;
			remoteGlobalIDString = 8A4A8E6C1C895E67000F5DA2;
			remoteInfo = CategoryMenu;
		};
/* End PBXContainerItemProxy section */

/* Begin PBXFileReference section */
		8A4A8E6D1C895E67000F5DA2 /* CategoryMenu.app */ = {isa = PBXFileReference; explicitFileType = wrapper.application; includeInIndex = 0; path = CategoryMenu.app; sourceTree = BUILT_PRODUCTS_DIR; };
		8A4A8E711C895E67000F5DA2 /* main.m */ = {isa = PBXFileReference; lastKnownFileType = sourcecode.c.objc; path = main.m; sourceTree = "<group>"; };
		8A4A8E731C895E67000F5DA2 /* AppDelegate.h */ = {isa = PBXFileReference; lastKnownFileType = sourcecode.c.h; path = AppDelegate.h; sourceTree = "<group>"; };
		8A4A8E741C895E67000F5DA2 /* AppDelegate.m */ = {isa = PBXFileReference; lastKnownFileType = sourcecode.c.objc; path = AppDelegate.m; sourceTree = "<group>"; };
		8A4A8E7C1C895E67000F5DA2 /* Assets.xcassets */ = {isa = PBXFileReference; lastKnownFileType = folder.assetcatalog; path = Assets.xcassets; sourceTree = "<group>"; };
		8A4A8E811C895E67000F5DA2 /* Info.plist */ = {isa = PBXFileReference; lastKnownFileType = text.plist.xml; path = Info.plist; sourceTree = "<group>"; };
		8A4A8E861C895E67000F5DA2 /* CategoryMenuTests.xctest */ = {isa = PBXFileReference; explicitFileType = wrapper.cfbundle; includeInIndex = 0; path = CategoryMenuTests.xctest; sourceTree = BUILT_PRODUCTS_DIR; };
		8A4A8E8A1C895E67000F5DA2 /* CategoryMenuTests.m */ = {isa = PBXFileReference; lastKnownFileType = sourcecode.c.objc; path = CategoryMenuTests.m; sourceTree = "<group>"; };
		8A4A8E8C1C895E67000F5DA2 /* Info.plist */ = {isa = PBXFileReference; lastKnownFileType = text.plist.xml; path = Info.plist; sourceTree = "<group>"; };
		8A4A8E911C895E68000F5DA2 /* CategoryMenuUITests.xctest */ = {isa = PBXFileReference; explicitFileType = wrapper.cfbundle; includeInIndex = 0; path = CategoryMenuUITests.xctest; sourceTree = BUILT_PRODUCTS_DIR; };
		8A4A8E951C895E68000F5DA2 /* CategoryMenuUITests.m */ = {isa = PBXFileReference; lastKnownFileType = sourcecode.c.objc; path = CategoryMenuUITests.m; sourceTree = "<group>"; };
		8A4A8E971C895E68000F5DA2 /* Info.plist */ = {isa = PBXFileReference; lastKnownFileType = text.plist.xml; path = Info.plist; sourceTree = "<group>"; };
		8A4A8EA31C895E8F000F5DA2 /* CategoryMenuViewController.h */ = {isa = PBXFileReference; fileEncoding = 4; lastKnownFileType = sourcecode.c.h; path = CategoryMenuViewController.h; sourceTree = "<group>"; };
		8A4A8EA41C895E8F000F5DA2 /* CategoryMenuViewController.m */ = {isa = PBXFileReference; fileEncoding = 4; lastKnownFileType = sourcecode.c.objc; path = CategoryMenuViewController.m; sourceTree = "<group>"; };
		8A4A8EA61C895FD6000F5DA2 /* DataSource.plist */ = {isa = PBXFileReference; fileEncoding = 4; lastKnownFileType = text.plist.xml; path = DataSource.plist; sourceTree = "<group>"; };
/* End PBXFileReference section */

/* Begin PBXFrameworksBuildPhase section */
		8A4A8E6A1C895E67000F5DA2 /* Frameworks */ = {
			isa = PBXFrameworksBuildPhase;
			buildActionMask = 2147483647;
			files = (
			);
			runOnlyForDeploymentPostprocessing = 0;
		};
		8A4A8E831C895E67000F5DA2 /* Frameworks */ = {
			isa = PBXFrameworksBuildPhase;
			buildActionMask = 2147483647;
			files = (
			);
			runOnlyForDeploymentPostprocessing = 0;
		};
		8A4A8E8E1C895E68000F5DA2 /* Frameworks */ = {
			isa = PBXFrameworksBuildPhase;
			buildActionMask = 2147483647;
			files = (
			);
			runOnlyForDeploymentPostprocessing = 0;
		};
/* End PBXFrameworksBuildPhase section */

/* Begin PBXGroup section */
		8A4A8E641C895E67000F5DA2 = {
			isa = PBXGroup;
			children = (
				8A4A8EA61C895FD6000F5DA2 /* DataSource.plist */,
				8A4A8E6F1C895E67000F5DA2 /* CategoryMenu */,
				8A4A8E891C895E67000F5DA2 /* CategoryMenuTests */,
				8A4A8E941C895E68000F5DA2 /* CategoryMenuUITests */,
				8A4A8E6E1C895E67000F5DA2 /* Products */,
			);
			sourceTree = "<group>";
		};
		8A4A8E6E1C895E67000F5DA2 /* Products */ = {
			isa = PBXGroup;
			children = (
				8A4A8E6D1C895E67000F5DA2 /* CategoryMenu.app */,
				8A4A8E861C895E67000F5DA2 /* CategoryMenuTests.xctest */,
				8A4A8E911C895E68000F5DA2 /* CategoryMenuUITests.xctest */,
			);
			name = Products;
			sourceTree = "<group>";
		};
		8A4A8E6F1C895E67000F5DA2 /* CategoryMenu */ = {
			isa = PBXGroup;
			children = (
				8A4A8E731C895E67000F5DA2 /* AppDelegate.h */,
				8A4A8E741C895E67000F5DA2 /* AppDelegate.m */,
				8A4A8E7C1C895E67000F5DA2 /* Assets.xcassets */,
				8A4A8E811C895E67000F5DA2 /* Info.plist */,
				8A4A8E701C895E67000F5DA2 /* Supporting Files */,
				8A4A8EA31C895E8F000F5DA2 /* CategoryMenuViewController.h */,
				8A4A8EA41C895E8F000F5DA2 /* CategoryMenuViewController.m */,
			);
			path = CategoryMenu;
			sourceTree = "<group>";
		};
		8A4A8E701C895E67000F5DA2 /* Supporting Files */ = {
			isa = PBXGroup;
			children = (
				8A4A8E711C895E67000F5DA2 /* main.m */,
			);
			name = "Supporting Files";
			sourceTree = "<group>";
		};
		8A4A8E891C895E67000F5DA2 /* CategoryMenuTests */ = {
			isa = PBXGroup;
			children = (
				8A4A8E8A1C895E67000F5DA2 /* CategoryMenuTests.m */,
				8A4A8E8C1C895E67000F5DA2 /* Info.plist */,
			);
			path = CategoryMenuTests;
			sourceTree = "<group>";
		};
		8A4A8E941C895E68000F5DA2 /* CategoryMenuUITests */ = {
			isa = PBXGroup;
			children = (
				8A4A8E951C895E68000F5DA2 /* CategoryMenuUITests.m */,
				8A4A8E971C895E68000F5DA2 /* Info.plist */,
			);
			path = CategoryMenuUITests;
			sourceTree = "<group>";
		};
/* End PBXGroup section */

/* Begin PBXNativeTarget section */
		8A4A8E6C1C895E67000F5DA2 /* CategoryMenu */ = {
			isa = PBXNativeTarget;
			buildConfigurationList = 8A4A8E9A1C895E68000F5DA2 /* Build configuration list for PBXNativeTarget "CategoryMenu" */;
			buildPhases = (
				8A4A8E691C895E67000F5DA2 /* Sources */,
				8A4A8E6A1C895E67000F5DA2 /* Frameworks */,
				8A4A8E6B1C895E67000F5DA2 /* Resources */,
			);
			buildRules = (
			);
			dependencies = (
			);
			name = CategoryMenu;
			productName = CategoryMenu;
			productReference = 8A4A8E6D1C895E67000F5DA2 /* CategoryMenu.app */;
			productType = "com.apple.product-type.application";
		};
		8A4A8E851C895E67000F5DA2 /* CategoryMenuTests */ = {
			isa = PBXNativeTarget;
			buildConfigurationList = 8A4A8E9D1C895E68000F5DA2 /* Build configuration list for PBXNativeTarget "CategoryMenuTests" */;
			buildPhases = (
				8A4A8E821C895E67000F5DA2 /* Sources */,
				8A4A8E831C895E67000F5DA2 /* Frameworks */,
				8A4A8E841C895E67000F5DA2 /* Resources */,
			);
			buildRules = (
			);
			dependencies = (
				8A4A8E881C895E67000F5DA2 /* PBXTargetDependency */,
			);
			name = CategoryMenuTests;
			productName = CategoryMenuTests;
			productReference = 8A4A8E861C895E67000F5DA2 /* CategoryMenuTests.xctest */;
			productType = "com.apple.product-type.bundle.unit-test";
		};
		8A4A8E901C895E68000F5DA2 /* CategoryMenuUITests */ = {
			isa = PBXNativeTarget;
			buildConfigurationList = 8A4A8EA01C895E68000F5DA2 /* Build configuration list for PBXNativeTarget "CategoryMenuUITests" */;
			buildPhases = (
				8A4A8E8D1C895E68000F5DA2 /* Sources */,
				8A4A8E8E1C895E68000F5DA2 /* Frameworks */,
				8A4A8E8F1C895E68000F5DA2 /* Resources */,
			);
			buildRules = (
			);
			dependencies = (
				8A4A8E931C895E68000F5DA2 /* PBXTargetDependency */,
			);
			name = CategoryMenuUITests;
			productName = CategoryMenuUITests;
			productReference = 8A4A8E911C895E68000F5DA2 /* CategoryMenuUITests.xctest */;
			productType = "com.apple.product-type.bundle.ui-testing";
		};
/* End PBXNativeTarget section */

/* Begin PBXProject section */
		8A4A8E651C895E67000F5DA2 /* Project object */ = {
			isa = PBXProject;
			attributes = {
				LastUpgradeCheck = 0710;
				ORGANIZATIONNAME = AnarL;
				TargetAttributes = {
					8A4A8E6C1C895E67000F5DA2 = {
						CreatedOnToolsVersion = 7.1.1;
					};
					8A4A8E851C895E67000F5DA2 = {
						CreatedOnToolsVersion = 7.1.1;
						TestTargetID = 8A4A8E6C1C895E67000F5DA2;
					};
					8A4A8E901C895E68000F5DA2 = {
						CreatedOnToolsVersion = 7.1.1;
						TestTargetID = 8A4A8E6C1C895E67000F5DA2;
					};
				};
			};
			buildConfigurationList = 8A4A8E681C895E67000F5DA2 /* Build configuration list for PBXProject "CategoryMenu" */;
			compatibilityVersion = "Xcode 3.2";
			developmentRegion = English;
			hasScannedForEncodings = 0;
			knownRegions = (
				en,
				Base,
			);
			mainGroup = 8A4A8E641C895E67000F5DA2;
			productRefGroup = 8A4A8E6E1C895E67000F5DA2 /* Products */;
			projectDirPath = "";
			projectRoot = "";
			targets = (
				8A4A8E6C1C895E67000F5DA2 /* CategoryMenu */,
				8A4A8E851C895E67000F5DA2 /* CategoryMenuTests */,
				8A4A8E901C895E68000F5DA2 /* CategoryMenuUITests */,
			);
		};
/* End PBXProject section */

/* Begin PBXResourcesBuildPhase section */
		8A4A8E6B1C895E67000F5DA2 /* Resources */ = {
			isa = PBXResourcesBuildPhase;
			buildActionMask = 2147483647;
			files = (
				8A4A8E7D1C895E67000F5DA2 /* Assets.xcassets in Resources */,
				8A4A8EA71C895FD6000F5DA2 /* DataSource.plist in Resources */,
			);
			runOnlyForDeploymentPostprocessing = 0;
		};
		8A4A8E841C895E67000F5DA2 /* Resources */ = {
			isa = PBXResourcesBuildPhase;
			buildActionMask = 2147483647;
			files = (
			);
			runOnlyForDeploymentPostprocessing = 0;
		};
		8A4A8E8F1C895E68000F5DA2 /* Resources */ = {
			isa = PBXResourcesBuildPhase;
			buildActionMask = 2147483647;
			files = (
			);
			runOnlyForDeploymentPostprocessing = 0;
		};
/* End PBXResourcesBuildPhase section */

/* Begin PBXSourcesBuildPhase section */
		8A4A8E691C895E67000F5DA2 /* Sources */ = {
			isa = PBXSourcesBuildPhase;
			buildActionMask = 2147483647;
			files = (
				8A4A8E751C895E67000F5DA2 /* AppDelegate.m in Sources */,
				8A4A8EA51C895E8F000F5DA2 /* CategoryMenuViewController.m in Sources */,
				8A4A8E721C895E67000F5DA2 /* main.m in Sources */,
			);
			runOnlyForDeploymentPostprocessing = 0;
		};
		8A4A8E821C895E67000F5DA2 /* Sources */ = {
			isa = PBXSourcesBuildPhase;
			buildActionMask = 2147483647;
			files = (
				8A4A8E8B1C895E67000F5DA2 /* CategoryMenuTests.m in Sources */,
			);
			runOnlyForDeploymentPostprocessing = 0;
		};
		8A4A8E8D1C895E68000F5DA2 /* Sources */ = {
			isa = PBXSourcesBuildPhase;
			buildActionMask = 2147483647;
			files = (
				8A4A8E961C895E68000F5DA2 /* CategoryMenuUITests.m in Sources */,
			);
			runOnlyForDeploymentPostprocessing = 0;
		};
/* End PBXSourcesBuildPhase section */

/* Begin PBXTargetDependency section */
		8A4A8E881C895E67000F5DA2 /* PBXTargetDependency */ = {
			isa = PBXTargetDependency;
			target = 8A4A8E6C1C895E67000F5DA2 /* CategoryMenu */;
			targetProxy = 8A4A8E871C895E67000F5DA2 /* PBXContainerItemProxy */;
		};
		8A4A8E931C895E68000F5DA2 /* PBXTargetDependency */ = {
			isa = PBXTargetDependency;
			target = 8A4A8E6C1C895E67000F5DA2 /* CategoryMenu */;
			targetProxy = 8A4A8E921C895E68000F5DA2 /* PBXContainerItemProxy */;
		};
/* End PBXTargetDependency section */

/* Begin XCBuildConfiguration section */
		8A4A8E981C895E68000F5DA2 /* Debug */ = {
			isa = XCBuildConfiguration;
			buildSettings = {
				ALWAYS_SEARCH_USER_PATHS = NO;
				CLANG_CXX_LANGUAGE_STANDARD = "gnu++0x";
				CLANG_CXX_LIBRARY = "libc++";
				CLANG_ENABLE_MODULES = YES;
				CLANG_ENABLE_OBJC_ARC = YES;
				CLANG_WARN_BOOL_CONVERSION = YES;
				CLANG_WARN_CONSTANT_CONVERSION = YES;
				CLANG_WARN_DIRECT_OBJC_ISA_USAGE = YES_ERROR;
				CLANG_WARN_EMPTY_BODY = YES;
				CLANG_WARN_ENUM_CONVERSION = YES;
				CLANG_WARN_INT_CONVERSION = YES;
				CLANG_WARN_OBJC_ROOT_CLASS = YES_ERROR;
				CLANG_WARN_UNREACHABLE_CODE = YES;
				CLANG_WARN__DUPLICATE_METHOD_MATCH = YES;
				"CODE_SIGN_IDENTITY[sdk=iphoneos*]" = "iPhone Developer";
				COPY_PHASE_STRIP = NO;
				DEBUG_INFORMATION_FORMAT = dwarf;
				ENABLE_STRICT_OBJC_MSGSEND = YES;
				ENABLE_TESTABILITY = YES;
				GCC_C_LANGUAGE_STANDARD = gnu99;
				GCC_DYNAMIC_NO_PIC = NO;
				GCC_NO_COMMON_BLOCKS = YES;
				GCC_OPTIMIZATION_LEVEL = 0;
				GCC_PREPROCESSOR_DEFINITIONS = (
					"DEBUG=1",
					"$(inherited)",
				);
				GCC_WARN_64_TO_32_BIT_CONVERSION = YES;
				GCC_WARN_ABOUT_RETURN_TYPE = YES_ERROR;
				GCC_WARN_UNDECLARED_SELECTOR = YES;
				GCC_WARN_UNINITIALIZED_AUTOS = YES_AGGRESSIVE;
				GCC_WARN_UNUSED_FUNCTION = YES;
				GCC_WARN_UNUSED_VARIABLE = YES;
				IPHONEOS_DEPLOYMENT_TARGET = 9.1;
				MTL_ENABLE_DEBUG_INFO = YES;
				ONLY_ACTIVE_ARCH = YES;
				SDKROOT = iphoneos;
			};
			name = Debug;
		};
		8A4A8E991C895E68000F5DA2 /* Release */ = {
			isa = XCBuildConfiguration;
			buildSettings = {
				ALWAYS_SEARCH_USER_PATHS = NO;
				CLANG_CXX_LANGUAGE_STANDARD = "gnu++0x";
				CLANG_CXX_LIBRARY = "libc++";
				CLANG_ENABLE_MODULES = YES;
				CLANG_ENABLE_OBJC_ARC = YES;
				CLANG_WARN_BOOL_CONVERSION = YES;
				CLANG_WARN_CONSTANT_CONVERSION = YES;
				CLANG_WARN_DIRECT_OBJC_ISA_USAGE = YES_ERROR;
				CLANG_WARN_EMPTY_BODY = YES;
				CLANG_WARN_ENUM_CONVERSION = YES;
				CLANG_WARN_INT_CONVERSION = YES;
				CLANG_WARN_OBJC_ROOT_CLASS = YES_ERROR;
				CLANG_WARN_UNREACHABLE_CODE = YES;
				CLANG_WARN__DUPLICATE_METHOD_MATCH = YES;
				"CODE_SIGN_IDENTITY[sdk=iphoneos*]" = "iPhone Developer";
				COPY_PHASE_STRIP = NO;
				DEBUG_INFORMATION_FORMAT = "dwarf-with-dsym";
				ENABLE_NS_ASSERTIONS = NO;
				ENABLE_STRICT_OBJC_MSGSEND = YES;
				GCC_C_LANGUAGE_STANDARD = gnu99;
				GCC_NO_COMMON_BLOCKS = YES;
				GCC_WARN_64_TO_32_BIT_CONVERSION = YES;
				GCC_WARN_ABOUT_RETURN_TYPE = YES_ERROR;
				GCC_WARN_UNDECLARED_SELECTOR = YES;
				GCC_WARN_UNINITIALIZED_AUTOS = YES_AGGRESSIVE;
				GCC_WARN_UNUSED_FUNCTION = YES;
				GCC_WARN_UNUSED_VARIABLE = YES;
				IPHONEOS_DEPLOYMENT_TARGET = 9.1;
				MTL_ENABLE_DEBUG_INFO = NO;
				SDKROOT = iphoneos;
				VALIDATE_PRODUCT = YES;
			};
			name = Release;
		};
		8A4A8E9B1C895E68000F5DA2 /* Debug */ = {
			isa = XCBuildConfiguration;
			buildSettings = {
				ASSETCATALOG_COMPILER_APPICON_NAME = AppIcon;
				INFOPLIST_FILE = CategoryMenu/Info.plist;
				IPHONEOS_DEPLOYMENT_TARGET = 7.1;
				LD_RUNPATH_SEARCH_PATHS = "$(inherited) @executable_path/Frameworks";
				PRODUCT_BUNDLE_IDENTIFIER = com.Digiarty.CategoryMenu;
				PRODUCT_NAME = "$(TARGET_NAME)";
			};
			name = Debug;
		};
		8A4A8E9C1C895E68000F5DA2 /* Release */ = {
			isa = XCBuildConfiguration;
			buildSettings = {
				ASSETCATALOG_COMPILER_APPICON_NAME = AppIcon;
				INFOPLIST_FILE = CategoryMenu/Info.plist;
				IPHONEOS_DEPLOYMENT_TARGET = 7.1;
				LD_RUNPATH_SEARCH_PATHS = "$(inherited) @executable_path/Frameworks";
				PRODUCT_BUNDLE_IDENTIFIER = com.Digiarty.CategoryMenu;
				PRODUCT_NAME = "$(TARGET_NAME)";
			};
			name = Release;
		};
		8A4A8E9E1C895E68000F5DA2 /* Debug */ = {
			isa = XCBuildConfiguration;
			buildSettings = {
				BUNDLE_LOADER = "$(TEST_HOST)";
				INFOPLIST_FILE = CategoryMenuTests/Info.plist;
				LD_RUNPATH_SEARCH_PATHS = "$(inherited) @executable_path/Frameworks @loader_path/Frameworks";
				PRODUCT_BUNDLE_IDENTIFIER = com.Digiarty.CategoryMenuTests;
				PRODUCT_NAME = "$(TARGET_NAME)";
				TEST_HOST = "$(BUILT_PRODUCTS_DIR)/CategoryMenu.app/CategoryMenu";
			};
			name = Debug;
		};
		8A4A8E9F1C895E68000F5DA2 /* Release */ = {
			isa = XCBuildConfiguration;
			buildSettings = {
				BUNDLE_LOADER = "$(TEST_HOST)";
				INFOPLIST_FILE = CategoryMenuTests/Info.plist;
				LD_RUNPATH_SEARCH_PATHS = "$(inherited) @executable_path/Frameworks @loader_path/Frameworks";
				PRODUCT_BUNDLE_IDENTIFIER = com.Digiarty.CategoryMenuTests;
				PRODUCT_NAME = "$(TARGET_NAME)";
				TEST_HOST = "$(BUILT_PRODUCTS_DIR)/CategoryMenu.app/CategoryMenu";
			};
			name = Release;
		};
		8A4A8EA11C895E68000F5DA2 /* Debug */ = {
			isa = XCBuildConfiguration;
			buildSettings = {
				INFOPLIST_FILE = CategoryMenuUITests/Info.plist;
				LD_RUNPATH_SEARCH_PATHS = "$(inherited) @executable_path/Frameworks @loader_path/Frameworks";
				PRODUCT_BUNDLE_IDENTIFIER = com.Digiarty.CategoryMenuUITests;
				PRODUCT_NAME = "$(TARGET_NAME)";
				TEST_TARGET_NAME = CategoryMenu;
				USES_XCTRUNNER = YES;
			};
			name = Debug;
		};
		8A4A8EA21C895E68000F5DA2 /* Release */ = {
			isa = XCBuildConfiguration;
			buildSettings = {
				INFOPLIST_FILE = CategoryMenuUITests/Info.plist;
				LD_RUNPATH_SEARCH_PATHS = "$(inherited) @executable_path/Frameworks @loader_path/Frameworks";
				PRODUCT_BUNDLE_IDENTIFIER = com.Digiarty.CategoryMenuUITests;
				PRODUCT_NAME = "$(TARGET_NAME)";
				TEST_TARGET_NAME = CategoryMenu;
				USES_XCTRUNNER = YES;
			};
			name = Release;
		};
/* End XCBuildConfiguration section */

/* Begin XCConfigurationList section */
		8A4A8E681C895E67000F5DA2 /* Build configuration list for PBXProject "CategoryMenu" */ = {
			isa = XCConfigurationList;
			buildConfigurations = (
				8A4A8E981C895E68000F5DA2 /* Debug */,
				8A4A8E991C895E68000F5DA2 /* Release */,
			);
			defaultConfigurationIsVisible = 0;
			defaultConfigurationName = Release;
		};
		8A4A8E9A1C895E68000F5DA2 /* Build configuration list for PBXNativeTarget "CategoryMenu" */ = {
			isa = XCConfigurationList;
			buildConfigurations = (
				8A4A8E9B1C895E68000F5DA2 /* Debug */,
				8A4A8E9C1C895E68000F5DA2 /* Release */,
			);
			defaultConfigurationIsVisible = 0;
		};
		8A4A8E9D1C895E68000F5DA2 /* Build configuration list for PBXNativeTarget "CategoryMenuTests" */ = {
			isa = XCConfigurationList;
			buildConfigurations = (
				8A4A8E9E1C895E68000F5DA2 /* Debug */,
				8A4A8E9F1C895E68000F5DA2 /* Release */,
			);
			defaultConfigurationIsVisible = 0;
		};
		8A4A8EA01C895E68000F5DA2 /* Build configuration list for PBXNativeTarget "CategoryMenuUITests" */ = {
			isa = XCConfigurationList;
			buildConfigurations = (
				8A4A8EA11C895E68000F5DA2 /* Debug */,
				8A4A8EA21C895E68000F5DA2 /* Release */,
			);
			defaultConfigurationIsVisible = 0;
		};
/* End XCConfigurationList section */
	};
	rootObject = 8A4A8E651C895E67000F5DA2 /* Project object */;
}
